
Microsoft Visual Studio Solution File, Format Version 12.00
# Visual Studio Version 17
VisualStudioVersion = 17.1.32414.318
MinimumVisualStudioVersion = 10.0.40219.1
Project("{FAE04EC0-301F-11D3-BF4B-00C04F79EFBC}") = "Cwiczenia3", "Cwiczenia3\Cwiczenia3.csproj", "{BA810D46-7567-4E81-BC67-C7EF49A0A497}"
EndProject
Global
	GlobalSection(SolutionConfigurationPlatforms) = preSolution
		Debug|Any CPU = Debug|Any CPU
		Release|Any CPU = Release|Any CPU
	EndGlobalSection
	GlobalSection(ProjectConfigurationPlatforms) = postSolution
		{BA810D46-7567-4E81-BC67-C7EF49A0A497}.Debug|Any CPU.ActiveCfg = Debug|Any CPU
		{BA810D46-7567-4E81-BC67-C7EF49A0A497}.Debug|Any CPU.Build.0 = Debug|Any CPU
		{BA810D46-7567-4E81-BC67-C7EF49A0A497}.Release|Any CPU.ActiveCfg = Release|Any CPU
		{BA810D46-7567-4E81-BC67-C7EF49A0A497}.Release|Any CPU.Build.0 = Release|Any CPU
	EndGlobalSection
	GlobalSection(SolutionProperties) = preSolution
		HideSolutionNode = FALSE
	EndGlobalSection
	GlobalSection(ExtensibilityGlobals) = postSolution
		SolutionGuid = {330CF5DD-7C1D-4009-B8FE-677BCFD876D3}
	EndGlobalSection
EndGlobal
